
Microsoft Visual Studio Solution File, Format Version 12.00
# Visual Studio Version 16
VisualStudioVersion = 16.0.29613.14
MinimumVisualStudioVersion = 10.0.40219.1
Project("{FAE04EC0-301F-11D3-BF4B-00C04F79EFBC}") = "ConsoleApp2", "ConsoleApp2\ConsoleApp2.csproj", "{8CC42D00-6B88-4DE2-9D6E-150F39888967}"
EndProject
Global
	GlobalSection(SolutionConfigurationPlatforms) = preSolution
		Debug|Any CPU = Debug|Any CPU
		Release|Any CPU = Release|Any CPU
	EndGlobalSection
	GlobalSection(ProjectConfigurationPlatforms) = postSolution
		{8CC42D00-6B88-4DE2-9D6E-150F39888967}.Debug|Any CPU.ActiveCfg = Debug|Any CPU
		{8CC42D00-6B88-4DE2-9D6E-150F39888967}.Debug|Any CPU.Build.0 = Debug|Any CPU
		{8CC42D00-6B88-4DE2-9D6E-150F39888967}.Release|Any CPU.ActiveCfg = Release|Any CPU
		{8CC42D00-6B88-4DE2-9D6E-150F39888967}.Release|Any CPU.Build.0 = Release|Any CPU
	EndGlobalSection
	GlobalSection(SolutionProperties) = preSolution
		HideSolutionNode = FALSE
	EndGlobalSection
	GlobalSection(ExtensibilityGlobals) = postSolution
		SolutionGuid = {B4DAB6BD-8BA0-42AC-8DFB-289C433DE1F8}
	EndGlobalSection
EndGlobal
